
Microsoft Visual Studio Solution File, Format Version 12.00
# Visual Studio Version 16
VisualStudioVersion = 16.0.29521.150
MinimumVisualStudioVersion = 10.0.40219.1
Project("{9A19103F-16F7-4668-BE54-9A1E7A4F7556}") = "MyFirstBlazor.Server", "MyFirstBlazor\Server\MyFirstBlazor.Server.csproj", "{C032ADC8-8B5A-4786-9DAF-1D186B1EDEA0}"
EndProject
Project("{9A19103F-16F7-4668-BE54-9A1E7A4F7556}") = "MyFirstBlazor.Client", "MyFirstBlazor\Client\MyFirstBlazor.Client.csproj", "{4063F439-4E53-4D49-B389-48904AC2CAED}"
EndProject
Project("{9A19103F-16F7-4668-BE54-9A1E7A4F7556}") = "MyFirstBlazor.Shared", "MyFirstBlazor\Shared\MyFirstBlazor.Shared.csproj", "{953C3557-D498-4B70-9DEE-C06D2F064F54}"
EndProject
Project("{9A19103F-16F7-4668-BE54-9A1E7A4F7556}") = "MyFirstBlazor.Components", "MyFirstBlazor.Components\MyFirstBlazor.Components.csproj", "{DC77B138-B4F5-47A7-8B68-E496404DEDE7}"
EndProject
Global
	GlobalSection(SolutionConfigurationPlatforms) = preSolution
		Debug|Any CPU = Debug|Any CPU
		Release|Any CPU = Release|Any CPU
	EndGlobalSection
	GlobalSection(ProjectConfigurationPlatforms) = postSolution
		{C032ADC8-8B5A-4786-9DAF-1D186B1EDEA0}.Debug|Any CPU.ActiveCfg = Debug|Any CPU
		{C032ADC8-8B5A-4786-9DAF-1D186B1EDEA0}.Debug|Any CPU.Build.0 = Debug|Any CPU
		{C032ADC8-8B5A-4786-9DAF-1D186B1EDEA0}.Release|Any CPU.ActiveCfg = Release|Any CPU
		{C032ADC8-8B5A-4786-9DAF-1D186B1EDEA0}.Release|Any CPU.Build.0 = Release|Any CPU
		{4063F439-4E53-4D49-B389-48904AC2CAED}.Debug|Any CPU.ActiveCfg = Debug|Any CPU
		{4063F439-4E53-4D49-B389-48904AC2CAED}.Debug|Any CPU.Build.0 = Debug|Any CPU
		{4063F439-4E53-4D49-B389-48904AC2CAED}.Release|Any CPU.ActiveCfg = Release|Any CPU
		{4063F439-4E53-4D49-B389-48904AC2CAED}.Release|Any CPU.Build.0 = Release|Any CPU
		{953C3557-D498-4B70-9DEE-C06D2F064F54}.Debug|Any CPU.ActiveCfg = Debug|Any CPU
		{953C3557-D498-4B70-9DEE-C06D2F064F54}.Debug|Any CPU.Build.0 = Debug|Any CPU
		{953C3557-D498-4B70-9DEE-C06D2F064F54}.Release|Any CPU.ActiveCfg = Release|Any CPU
		{953C3557-D498-4B70-9DEE-C06D2F064F54}.Release|Any CPU.Build.0 = Release|Any CPU
		{DC77B138-B4F5-47A7-8B68-E496404DEDE7}.Debug|Any CPU.ActiveCfg = Debug|Any CPU
		{DC77B138-B4F5-47A7-8B68-E496404DEDE7}.Debug|Any CPU.Build.0 = Debug|Any CPU
		{DC77B138-B4F5-47A7-8B68-E496404DEDE7}.Release|Any CPU.ActiveCfg = Release|Any CPU
		{DC77B138-B4F5-47A7-8B68-E496404DEDE7}.Release|Any CPU.Build.0 = Release|Any CPU
	EndGlobalSection
	GlobalSection(SolutionProperties) = preSolution
		HideSolutionNode = FALSE
	EndGlobalSection
	GlobalSection(ExtensibilityGlobals) = postSolution
		SolutionGuid = {8C472006-7141-4AD3-B371-5F24671E0EAC}
	EndGlobalSection
EndGlobal
