
Microsoft Visual Studio Solution File, Format Version 12.00
# Visual Studio Version 16
VisualStudioVersion = 16.0.29521.150
MinimumVisualStudioVersion = 10.0.40219.1
Project("{9A19103F-16F7-4668-BE54-9A1E7A4F7556}") = "PizzaPlace.Server", "PizzaPlace\Server\PizzaPlace.Server.csproj", "{B59DEC8B-A187-405E-8B8F-B1A398A927F3}"
EndProject
Project("{9A19103F-16F7-4668-BE54-9A1E7A4F7556}") = "PizzaPlace.Client", "PizzaPlace\Client\PizzaPlace.Client.csproj", "{4ED0622D-9F7B-4290-BCE9-B7EAF271B7D6}"
EndProject
Project("{9A19103F-16F7-4668-BE54-9A1E7A4F7556}") = "PizzaPlace.Shared", "PizzaPlace\Shared\PizzaPlace.Shared.csproj", "{D98EAE6A-D223-401C-9C0C-906E83100F36}"
EndProject
Global
	GlobalSection(SolutionConfigurationPlatforms) = preSolution
		Debug|Any CPU = Debug|Any CPU
		Release|Any CPU = Release|Any CPU
	EndGlobalSection
	GlobalSection(ProjectConfigurationPlatforms) = postSolution
		{B59DEC8B-A187-405E-8B8F-B1A398A927F3}.Debug|Any CPU.ActiveCfg = Debug|Any CPU
		{B59DEC8B-A187-405E-8B8F-B1A398A927F3}.Debug|Any CPU.Build.0 = Debug|Any CPU
		{B59DEC8B-A187-405E-8B8F-B1A398A927F3}.Release|Any CPU.ActiveCfg = Release|Any CPU
		{B59DEC8B-A187-405E-8B8F-B1A398A927F3}.Release|Any CPU.Build.0 = Release|Any CPU
		{4ED0622D-9F7B-4290-BCE9-B7EAF271B7D6}.Debug|Any CPU.ActiveCfg = Debug|Any CPU
		{4ED0622D-9F7B-4290-BCE9-B7EAF271B7D6}.Debug|Any CPU.Build.0 = Debug|Any CPU
		{4ED0622D-9F7B-4290-BCE9-B7EAF271B7D6}.Release|Any CPU.ActiveCfg = Release|Any CPU
		{4ED0622D-9F7B-4290-BCE9-B7EAF271B7D6}.Release|Any CPU.Build.0 = Release|Any CPU
		{D98EAE6A-D223-401C-9C0C-906E83100F36}.Debug|Any CPU.ActiveCfg = Debug|Any CPU
		{D98EAE6A-D223-401C-9C0C-906E83100F36}.Debug|Any CPU.Build.0 = Debug|Any CPU
		{D98EAE6A-D223-401C-9C0C-906E83100F36}.Release|Any CPU.ActiveCfg = Release|Any CPU
		{D98EAE6A-D223-401C-9C0C-906E83100F36}.Release|Any CPU.Build.0 = Release|Any CPU
	EndGlobalSection
	GlobalSection(SolutionProperties) = preSolution
		HideSolutionNode = FALSE
	EndGlobalSection
	GlobalSection(ExtensibilityGlobals) = postSolution
		SolutionGuid = {5A43C215-4AB4-4FE8-BEA8-D57D870F031A}
	EndGlobalSection
EndGlobal
